// !$*UTF8*$!
{
	archiveVersion = 1;
	classes = {
	};
	objectVersion = 77;
	objects = {

/* Begin PBXContainerItemProxy section */
		4E7F04452E357C9C00E91694 /* PBXContainerItemProxy */ = {
			isa = PBXContainerItemProxy;
			containerPortal = 4E7F042F2E357C9B00E91694 /* Project object */;
			proxyType = 1;
			remoteGlobalIDString = 4E7F04362E357C9B00E91694;
			remoteInfo = "recipe-app-ios";
		};
		4E7F044F2E357C9C00E91694 /* PBXContainerItemProxy */ = {
			isa = PBXContainerItemProxy;
			containerPortal = 4E7F042F2E357C9B00E91694 /* Project object */;
			proxyType = 1;
			remoteGlobalIDString = 4E7F04362E357C9B00E91694;
			remoteInfo = "recipe-app-ios";
		};
/* End PBXContainerItemProxy section */

/* Begin PBXFileReference section */
		4E7F04372E357C9B00E91694 /* recipe-app-ios.app */ = {isa = PBXFileReference; explicitFileType = wrapper.application; includeInIndex = 0; path = "recipe-app-ios.app"; sourceTree = BUILT_PRODUCTS_DIR; };
		4E7F04442E357C9C00E91694 /* recipe-app-iosTests.xctest */ = {isa = PBXFileReference; explicitFileType = wrapper.cfbundle; includeInIndex = 0; path = "recipe-app-iosTests.xctest"; sourceTree = BUILT_PRODUCTS_DIR; };
		4E7F044E2E357C9C00E91694 /* recipe-app-iosUITests.xctest */ = {isa = PBXFileReference; explicitFileType = wrapper.cfbundle; includeInIndex = 0; path = "recipe-app-iosUITests.xctest"; sourceTree = BUILT_PRODUCTS_DIR; };
/* End PBXFileReference section */

/* Begin PBXFileSystemSynchronizedRootGroup section */
		4E7F04392E357C9B00E91694 /* recipe-app-ios */ = {
			isa = PBXFileSystemSynchronizedRootGroup;
			path = "recipe-app-ios";
			sourceTree = "<group>";
		};
		4E7F04472E357C9C00E91694 /* recipe-app-iosTests */ = {
			isa = PBXFileSystemSynchronizedRootGroup;
			path = "recipe-app-iosTests";
			sourceTree = "<group>";
		};
		4E7F04512E357C9C00E91694 /* recipe-app-iosUITests */ = {
			isa = PBXFileSystemSynchronizedRootGroup;
			path = "recipe-app-iosUITests";
			sourceTree = "<group>";
		};
/* End PBXFileSystemSynchronizedRootGroup section */

/* Begin PBXFrameworksBuildPhase section */
		4E7F04342E357C9B00E91694 /* Frameworks */ = {
			isa = PBXFrameworksBuildPhase;
			buildActionMask = 2147483647;
			files = (
			);
			runOnlyForDeploymentPostprocessing = 0;
		};
		4E7F04412E357C9C00E91694 /* Frameworks */ = {
			isa = PBXFrameworksBuildPhase;
			buildActionMask = 2147483647;
			files = (
			);
			runOnlyForDeploymentPostprocessing = 0;
		};
		4E7F044B2E357C9C00E91694 /* Frameworks */ = {
			isa = PBXFrameworksBuildPhase;
			buildActionMask = 2147483647;
			files = (
			);
			runOnlyForDeploymentPostprocessing = 0;
		};
/* End PBXFrameworksBuildPhase section */

/* Begin PBXGroup section */
		4E7F042E2E357C9B00E91694 = {
			isa = PBXGroup;
			children = (
				4E7F04392E357C9B00E91694 /* recipe-app-ios */,
				4E7F04472E357C9C00E91694 /* recipe-app-iosTests */,
				4E7F04512E357C9C00E91694 /* recipe-app-iosUITests */,
				4E7F04382E357C9B00E91694 /* Products */,
			);
			sourceTree = "<group>";
		};
		4E7F04382E357C9B00E91694 /* Products */ = {
			isa = PBXGroup;
			children = (
				4E7F04372E357C9B00E91694 /* recipe-app-ios.app */,
				4E7F04442E357C9C00E91694 /* recipe-app-iosTests.xctest */,
				4E7F044E2E357C9C00E91694 /* recipe-app-iosUITests.xctest */,
			);
			name = Products;
			sourceTree = "<group>";
		};
/* End PBXGroup section */

/* Begin PBXNativeTarget section */
		4E7F04362E357C9B00E91694 /* recipe-app-ios */ = {
			isa = PBXNativeTarget;
			buildConfigurationList = 4E7F04582E357C9C00E91694 /* Build configuration list for PBXNativeTarget "recipe-app-ios" */;
			buildPhases = (
				4E7F04332E357C9B00E91694 /* Sources */,
				4E7F04342E357C9B00E91694 /* Frameworks */,
				4E7F04352E357C9B00E91694 /* Resources */,
			);
			buildRules = (
			);
			dependencies = (
			);
			fileSystemSynchronizedGroups = (
				4E7F04392E357C9B00E91694 /* recipe-app-ios */,
			);
			name = "recipe-app-ios";
			packageProductDependencies = (
			);
			productName = "recipe-app-ios";
			productReference = 4E7F04372E357C9B00E91694 /* recipe-app-ios.app */;
			productType = "com.apple.product-type.application";
		};
		4E7F04432E357C9C00E91694 /* recipe-app-iosTests */ = {
			isa = PBXNativeTarget;
			buildConfigurationList = 4E7F045B2E357C9C00E91694 /* Build configuration list for PBXNativeTarget "recipe-app-iosTests" */;
			buildPhases = (
				4E7F04402E357C9C00E91694 /* Sources */,
				4E7F04412E357C9C00E91694 /* Frameworks */,
				4E7F04422E357C9C00E91694 /* Resources */,
			);
			buildRules = (
			);
			dependencies = (
				4E7F04462E357C9C00E91694 /* PBXTargetDependency */,
			);
			fileSystemSynchronizedGroups = (
				4E7F04472E357C9C00E91694 /* recipe-app-iosTests */,
			);
			name = "recipe-app-iosTests";
			packageProductDependencies = (
			);
			productName = "recipe-app-iosTests";
			productReference = 4E7F04442E357C9C00E91694 /* recipe-app-iosTests.xctest */;
			productType = "com.apple.product-type.bundle.unit-test";
		};
		4E7F044D2E357C9C00E91694 /* recipe-app-iosUITests */ = {
			isa = PBXNativeTarget;
			buildConfigurationList = 4E7F045E2E357C9C00E91694 /* Build configuration list for PBXNativeTarget "recipe-app-iosUITests" */;
			buildPhases = (
				4E7F044A2E357C9C00E91694 /* Sources */,
				4E7F044B2E357C9C00E91694 /* Frameworks */,
				4E7F044C2E357C9C00E91694 /* Resources */,
			);
			buildRules = (
			);
			dependencies = (
				4E7F04502E357C9C00E91694 /* PBXTargetDependency */,
			);
			fileSystemSynchronizedGroups = (
				4E7F04512E357C9C00E91694 /* recipe-app-iosUITests */,
			);
			name = "recipe-app-iosUITests";
			packageProductDependencies = (
			);
			productName = "recipe-app-iosUITests";
			productReference = 4E7F044E2E357C9C00E91694 /* recipe-app-iosUITests.xctest */;
			productType = "com.apple.product-type.bundle.ui-testing";
		};
/* End PBXNativeTarget section */

/* Begin PBXProject section */
		4E7F042F2E357C9B00E91694 /* Project object */ = {
			isa = PBXProject;
			attributes = {
				BuildIndependentTargetsInParallel = 1;
				LastSwiftUpdateCheck = 1640;
				LastUpgradeCheck = 1640;
				TargetAttributes = {
					4E7F04362E357C9B00E91694 = {
						CreatedOnToolsVersion = 16.4;
					};
					4E7F04432E357C9C00E91694 = {
						CreatedOnToolsVersion = 16.4;
						TestTargetID = 4E7F04362E357C9B00E91694;
					};
					4E7F044D2E357C9C00E91694 = {
						CreatedOnToolsVersion = 16.4;
						TestTargetID = 4E7F04362E357C9B00E91694;
					};
				};
			};
			buildConfigurationList = 4E7F04322E357C9B00E91694 /* Build configuration list for PBXProject "recipe-app-ios" */;
			developmentRegion = en;
			hasScannedForEncodings = 0;
			knownRegions = (
				en,
				Base,
			);
			mainGroup = 4E7F042E2E357C9B00E91694;
			minimizedProjectReferenceProxies = 1;
			preferredProjectObjectVersion = 77;
			productRefGroup = 4E7F04382E357C9B00E91694 /* Products */;
			projectDirPath = "";
			projectRoot = "";
			targets = (
				4E7F04362E357C9B00E91694 /* recipe-app-ios */,
				4E7F04432E357C9C00E91694 /* recipe-app-iosTests */,
				4E7F044D2E357C9C00E91694 /* recipe-app-iosUITests */,
			);
		};
/* End PBXProject section */

/* Begin PBXResourcesBuildPhase section */
		4E7F04352E357C9B00E91694 /* Resources */ = {
			isa = PBXResourcesBuildPhase;
			buildActionMask = 2147483647;
			files = (
			);
			runOnlyForDeploymentPostprocessing = 0;
		};
		4E7F04422E357C9C00E91694 /* Resources */ = {
			isa = PBXResourcesBuildPhase;
			buildActionMask = 2147483647;
			files = (
			);
			runOnlyForDeploymentPostprocessing = 0;
		};
		4E7F044C2E357C9C00E91694 /* Resources */ = {
			isa = PBXResourcesBuildPhase;
			buildActionMask = 2147483647;
			files = (
			);
			runOnlyForDeploymentPostprocessing = 0;
		};
/* End PBXResourcesBuildPhase section */

/* Begin PBXSourcesBuildPhase section */
		4E7F04332E357C9B00E91694 /* Sources */ = {
			isa = PBXSourcesBuildPhase;
			buildActionMask = 2147483647;
			files = (
			);
			runOnlyForDeploymentPostprocessing = 0;
		};
		4E7F04402E357C9C00E91694 /* Sources */ = {
			isa = PBXSourcesBuildPhase;
			buildActionMask = 2147483647;
			files = (
			);
			runOnlyForDeploymentPostprocessing = 0;
		};
		4E7F044A2E357C9C00E91694 /* Sources */ = {
			isa = PBXSourcesBuildPhase;
			buildActionMask = 2147483647;
			files = (
			);
			runOnlyForDeploymentPostprocessing = 0;
		};
/* End PBXSourcesBuildPhase section */

/* Begin PBXTargetDependency section */
		4E7F04462E357C9C00E91694 /* PBXTargetDependency */ = {
			isa = PBXTargetDependency;
			target = 4E7F04362E357C9B00E91694 /* recipe-app-ios */;
			targetProxy = 4E7F04452E357C9C00E91694 /* PBXContainerItemProxy */;
		};
		4E7F04502E357C9C00E91694 /* PBXTargetDependency */ = {
			isa = PBXTargetDependency;
			target = 4E7F04362E357C9B00E91694 /* recipe-app-ios */;
			targetProxy = 4E7F044F2E357C9C00E91694 /* PBXContainerItemProxy */;
		};
/* End PBXTargetDependency section */

/* Begin XCBuildConfiguration section */
		4E7F04562E357C9C00E91694 /* Debug */ = {
			isa = XCBuildConfiguration;
			buildSettings = {
				ALWAYS_SEARCH_USER_PATHS = NO;
				ASSETCATALOG_COMPILER_GENERATE_SWIFT_ASSET_SYMBOL_EXTENSIONS = YES;
				CLANG_ANALYZER_NONNULL = YES;
				CLANG_ANALYZER_NUMBER_OBJECT_CONVERSION = YES_AGGRESSIVE;
				CLANG_CXX_LANGUAGE_STANDARD = "gnu++20";
				CLANG_ENABLE_MODULES = YES;
				CLANG_ENABLE_OBJC_ARC = YES;
				CLANG_ENABLE_OBJC_WEAK = YES;
				CLANG_WARN_BLOCK_CAPTURE_AUTORELEASING = YES;
				CLANG_WARN_BOOL_CONVERSION = YES;
				CLANG_WARN_COMMA = YES;
				CLANG_WARN_CONSTANT_CONVERSION = YES;
				CLANG_WARN_DEPRECATED_OBJC_IMPLEMENTATIONS = YES;
				CLANG_WARN_DIRECT_OBJC_ISA_USAGE = YES_ERROR;
				CLANG_WARN_DOCUMENTATION_COMMENTS = YES;
				CLANG_WARN_EMPTY_BODY = YES;
				CLANG_WARN_ENUM_CONVERSION = YES;
				CLANG_WARN_INFINITE_RECURSION = YES;
				CLANG_WARN_INT_CONVERSION = YES;
				CLANG_WARN_NON_LITERAL_NULL_CONVERSION = YES;
				CLANG_WARN_OBJC_IMPLICIT_RETAIN_SELF = YES;
				CLANG_WARN_OBJC_LITERAL_CONVERSION = YES;
				CLANG_WARN_OBJC_ROOT_CLASS = YES_ERROR;
				CLANG_WARN_QUOTED_INCLUDE_IN_FRAMEWORK_HEADER = YES;
				CLANG_WARN_RANGE_LOOP_ANALYSIS = YES;
				CLANG_WARN_STRICT_PROTOTYPES = YES;
				CLANG_WARN_SUSPICIOUS_MOVE = YES;
				CLANG_WARN_UNGUARDED_AVAILABILITY = YES_AGGRESSIVE;
				CLANG_WARN_UNREACHABLE_CODE = YES;
				CLANG_WARN__DUPLICATE_METHOD_MATCH = YES;
				COPY_PHASE_STRIP = NO;
				DEBUG_INFORMATION_FORMAT = dwarf;
				DEVELOPMENT_TEAM = JM5M47C9QV;
				ENABLE_STRICT_OBJC_MSGSEND = YES;
				ENABLE_TESTABILITY = YES;
				ENABLE_USER_SCRIPT_SANDBOXING = YES;
				GCC_C_LANGUAGE_STANDARD = gnu17;
				GCC_DYNAMIC_NO_PIC = NO;
				GCC_NO_COMMON_BLOCKS = YES;
				GCC_OPTIMIZATION_LEVEL = 0;
				GCC_PREPROCESSOR_DEFINITIONS = (
					"DEBUG=1",
					"$(inherited)",
				);
				GCC_WARN_64_TO_32_BIT_CONVERSION = YES;
				GCC_WARN_ABOUT_RETURN_TYPE = YES_ERROR;
				GCC_WARN_UNDECLARED_SELECTOR = YES;
				GCC_WARN_UNINITIALIZED_AUTOS = YES_AGGRESSIVE;
				GCC_WARN_UNUSED_FUNCTION = YES;
				GCC_WARN_UNUSED_VARIABLE = YES;
				IPHONEOS_DEPLOYMENT_TARGET = 18.5;
				LOCALIZATION_PREFERS_STRING_CATALOGS = YES;
				MTL_ENABLE_DEBUG_INFO = INCLUDE_SOURCE;
				MTL_FAST_MATH = YES;
				ONLY_ACTIVE_ARCH = YES;
				SDKROOT = iphoneos;
				SWIFT_ACTIVE_COMPILATION_CONDITIONS = "DEBUG $(inherited)";
				SWIFT_OPTIMIZATION_LEVEL = "-Onone";
			};
			name = Debug;
		};
		4E7F04572E357C9C00E91694 /* Release */ = {
			isa = XCBuildConfiguration;
			buildSettings = {
				ALWAYS_SEARCH_USER_PATHS = NO;
				ASSETCATALOG_COMPILER_GENERATE_SWIFT_ASSET_SYMBOL_EXTENSIONS = YES;
				CLANG_ANALYZER_NONNULL = YES;
				CLANG_ANALYZER_NUMBER_OBJECT_CONVERSION = YES_AGGRESSIVE;
				CLANG_CXX_LANGUAGE_STANDARD = "gnu++20";
				CLANG_ENABLE_MODULES = YES;
				CLANG_ENABLE_OBJC_ARC = YES;
				CLANG_ENABLE_OBJC_WEAK = YES;
				CLANG_WARN_BLOCK_CAPTURE_AUTORELEASING = YES;
				CLANG_WARN_BOOL_CONVERSION = YES;
				CLANG_WARN_COMMA = YES;
				CLANG_WARN_CONSTANT_CONVERSION = YES;
				CLANG_WARN_DEPRECATED_OBJC_IMPLEMENTATIONS = YES;
				CLANG_WARN_DIRECT_OBJC_ISA_USAGE = YES_ERROR;
				CLANG_WARN_DOCUMENTATION_COMMENTS = YES;
				CLANG_WARN_EMPTY_BODY = YES;
				CLANG_WARN_ENUM_CONVERSION = YES;
				CLANG_WARN_INFINITE_RECURSION = YES;
				CLANG_WARN_INT_CONVERSION = YES;
				CLANG_WARN_NON_LITERAL_NULL_CONVERSION = YES;
				CLANG_WARN_OBJC_IMPLICIT_RETAIN_SELF = YES;
				CLANG_WARN_OBJC_LITERAL_CONVERSION = YES;
				CLANG_WARN_OBJC_ROOT_CLASS = YES_ERROR;
				CLANG_WARN_QUOTED_INCLUDE_IN_FRAMEWORK_HEADER = YES;
				CLANG_WARN_RANGE_LOOP_ANALYSIS = YES;
				CLANG_WARN_STRICT_PROTOTYPES = YES;
				CLANG_WARN_SUSPICIOUS_MOVE = YES;
				CLANG_WARN_UNGUARDED_AVAILABILITY = YES_AGGRESSIVE;
				CLANG_WARN_UNREACHABLE_CODE = YES;
				CLANG_WARN__DUPLICATE_METHOD_MATCH = YES;
				COPY_PHASE_STRIP = NO;
				DEBUG_INFORMATION_FORMAT = "dwarf-with-dsym";
				DEVELOPMENT_TEAM = JM5M47C9QV;
				ENABLE_NS_ASSERTIONS = NO;
				ENABLE_STRICT_OBJC_MSGSEND = YES;
				ENABLE_USER_SCRIPT_SANDBOXING = YES;
				GCC_C_LANGUAGE_STANDARD = gnu17;
				GCC_NO_COMMON_BLOCKS = YES;
				GCC_WARN_64_TO_32_BIT_CONVERSION = YES;
				GCC_WARN_ABOUT_RETURN_TYPE = YES_ERROR;
				GCC_WARN_UNDECLARED_SELECTOR = YES;
				GCC_WARN_UNINITIALIZED_AUTOS = YES_AGGRESSIVE;
				GCC_WARN_UNUSED_FUNCTION = YES;
				GCC_WARN_UNUSED_VARIABLE = YES;
				IPHONEOS_DEPLOYMENT_TARGET = 18.5;
				LOCALIZATION_PREFERS_STRING_CATALOGS = YES;
				MTL_ENABLE_DEBUG_INFO = NO;
				MTL_FAST_MATH = YES;
				SDKROOT = iphoneos;
				SWIFT_COMPILATION_MODE = wholemodule;
				VALIDATE_PRODUCT = YES;
			};
			name = Release;
		};
		4E7F04592E357C9C00E91694 /* Debug */ = {
			isa = XCBuildConfiguration;
			buildSettings = {
				ASSETCATALOG_COMPILER_APPICON_NAME = AppIcon;
				ASSETCATALOG_COMPILER_GLOBAL_ACCENT_COLOR_NAME = AccentColor;
				CODE_SIGN_STYLE = Automatic;
				CURRENT_PROJECT_VERSION = 1;
				DEVELOPMENT_TEAM = JM5M47C9QV;
				ENABLE_PREVIEWS = YES;
				GENERATE_INFOPLIST_FILE = YES;
				INFOPLIST_KEY_UIApplicationSceneManifest_Generation = YES;
				INFOPLIST_KEY_UIApplicationSupportsIndirectInputEvents = YES;
				INFOPLIST_KEY_UILaunchScreen_Generation = YES;
				INFOPLIST_KEY_UISupportedInterfaceOrientations_iPad = "UIInterfaceOrientationPortrait UIInterfaceOrientationPortraitUpsideDown UIInterfaceOrientationLandscapeLeft UIInterfaceOrientationLandscapeRight";
				INFOPLIST_KEY_UISupportedInterfaceOrientations_iPhone = "UIInterfaceOrientationPortrait UIInterfaceOrientationLandscapeLeft UIInterfaceOrientationLandscapeRight";
				LD_RUNPATH_SEARCH_PATHS = (
					"$(inherited)",
					"@executable_path/Frameworks",
				);
				MARKETING_VERSION = 1.0;
				PRODUCT_BUNDLE_IDENTIFIER = "earslan.recipe-app-ios";
				PRODUCT_NAME = "$(TARGET_NAME)";
				SWIFT_EMIT_LOC_STRINGS = YES;
				SWIFT_VERSION = 5.0;
				TARGETED_DEVICE_FAMILY = "1,2";
			};
			name = Debug;
		};
		4E7F045A2E357C9C00E91694 /* Release */ = {
			isa = XCBuildConfiguration;
			buildSettings = {
				ASSETCATALOG_COMPILER_APPICON_NAME = AppIcon;
				ASSETCATALOG_COMPILER_GLOBAL_ACCENT_COLOR_NAME = AccentColor;
				CODE_SIGN_STYLE = Automatic;
				CURRENT_PROJECT_VERSION = 1;
				DEVELOPMENT_TEAM = JM5M47C9QV;
				ENABLE_PREVIEWS = YES;
				GENERATE_INFOPLIST_FILE = YES;
				INFOPLIST_KEY_UIApplicationSceneManifest_Generation = YES;
				INFOPLIST_KEY_UIApplicationSupportsIndirectInputEvents = YES;
				INFOPLIST_KEY_UILaunchScreen_Generation = YES;
				INFOPLIST_KEY_UISupportedInterfaceOrientations_iPad = "UIInterfaceOrientationPortrait UIInterfaceOrientationPortraitUpsideDown UIInterfaceOrientationLandscapeLeft UIInterfaceOrientationLandscapeRight";
				INFOPLIST_KEY_UISupportedInterfaceOrientations_iPhone = "UIInterfaceOrientationPortrait UIInterfaceOrientationLandscapeLeft UIInterfaceOrientationLandscapeRight";
				LD_RUNPATH_SEARCH_PATHS = (
					"$(inherited)",
					"@executable_path/Frameworks",
				);
				MARKETING_VERSION = 1.0;
				PRODUCT_BUNDLE_IDENTIFIER = "earslan.recipe-app-ios";
				PRODUCT_NAME = "$(TARGET_NAME)";
				SWIFT_EMIT_LOC_STRINGS = YES;
				SWIFT_VERSION = 5.0;
				TARGETED_DEVICE_FAMILY = "1,2";
			};
			name = Release;
		};
		4E7F045C2E357C9C00E91694 /* Debug */ = {
			isa = XCBuildConfiguration;
			buildSettings = {
				BUNDLE_LOADER = "$(TEST_HOST)";
				CODE_SIGN_STYLE = Automatic;
				CURRENT_PROJECT_VERSION = 1;
				DEVELOPMENT_TEAM = JM5M47C9QV;
				GENERATE_INFOPLIST_FILE = YES;
				IPHONEOS_DEPLOYMENT_TARGET = 18.5;
				MARKETING_VERSION = 1.0;
				PRODUCT_BUNDLE_IDENTIFIER = "earslan.recipe-app-iosTests";
				PRODUCT_NAME = "$(TARGET_NAME)";
				SWIFT_EMIT_LOC_STRINGS = NO;
				SWIFT_VERSION = 5.0;
				TARGETED_DEVICE_FAMILY = "1,2";
				TEST_HOST = "$(BUILT_PRODUCTS_DIR)/recipe-app-ios.app/$(BUNDLE_EXECUTABLE_FOLDER_PATH)/recipe-app-ios";
			};
			name = Debug;
		};
		4E7F045D2E357C9C00E91694 /* Release */ = {
			isa = XCBuildConfiguration;
			buildSettings = {
				BUNDLE_LOADER = "$(TEST_HOST)";
				CODE_SIGN_STYLE = Automatic;
				CURRENT_PROJECT_VERSION = 1;
				DEVELOPMENT_TEAM = JM5M47C9QV;
				GENERATE_INFOPLIST_FILE = YES;
				IPHONEOS_DEPLOYMENT_TARGET = 18.5;
				MARKETING_VERSION = 1.0;
				PRODUCT_BUNDLE_IDENTIFIER = "earslan.recipe-app-iosTests";
				PRODUCT_NAME = "$(TARGET_NAME)";
				SWIFT_EMIT_LOC_STRINGS = NO;
				SWIFT_VERSION = 5.0;
				TARGETED_DEVICE_FAMILY = "1,2";
				TEST_HOST = "$(BUILT_PRODUCTS_DIR)/recipe-app-ios.app/$(BUNDLE_EXECUTABLE_FOLDER_PATH)/recipe-app-ios";
			};
			name = Release;
		};
		4E7F045F2E357C9C00E91694 /* Debug */ = {
			isa = XCBuildConfiguration;
			buildSettings = {
				CODE_SIGN_STYLE = Automatic;
				CURRENT_PROJECT_VERSION = 1;
				DEVELOPMENT_TEAM = JM5M47C9QV;
				GENERATE_INFOPLIST_FILE = YES;
				MARKETING_VERSION = 1.0;
				PRODUCT_BUNDLE_IDENTIFIER = "earslan.recipe-app-iosUITests";
				PRODUCT_NAME = "$(TARGET_NAME)";
				SWIFT_EMIT_LOC_STRINGS = NO;
				SWIFT_VERSION = 5.0;
				TARGETED_DEVICE_FAMILY = "1,2";
				TEST_TARGET_NAME = "recipe-app-ios";
			};
			name = Debug;
		};
		4E7F04602E357C9C00E91694 /* Release */ = {
			isa = XCBuildConfiguration;
			buildSettings = {
				CODE_SIGN_STYLE = Automatic;
				CURRENT_PROJECT_VERSION = 1;
				DEVELOPMENT_TEAM = JM5M47C9QV;
				GENERATE_INFOPLIST_FILE = YES;
				MARKETING_VERSION = 1.0;
				PRODUCT_BUNDLE_IDENTIFIER = "earslan.recipe-app-iosUITests";
				PRODUCT_NAME = "$(TARGET_NAME)";
				SWIFT_EMIT_LOC_STRINGS = NO;
				SWIFT_VERSION = 5.0;
				TARGETED_DEVICE_FAMILY = "1,2";
				TEST_TARGET_NAME = "recipe-app-ios";
			};
			name = Release;
		};
/* End XCBuildConfiguration section */

/* Begin XCConfigurationList section */
		4E7F04322E357C9B00E91694 /* Build configuration list for PBXProject "recipe-app-ios" */ = {
			isa = XCConfigurationList;
			buildConfigurations = (
				4E7F04562E357C9C00E91694 /* Debug */,
				4E7F04572E357C9C00E91694 /* Release */,
			);
			defaultConfigurationIsVisible = 0;
			defaultConfigurationName = Release;
		};
		4E7F04582E357C9C00E91694 /* Build configuration list for PBXNativeTarget "recipe-app-ios" */ = {
			isa = XCConfigurationList;
			buildConfigurations = (
				4E7F04592E357C9C00E91694 /* Debug */,
				4E7F045A2E357C9C00E91694 /* Release */,
			);
			defaultConfigurationIsVisible = 0;
			defaultConfigurationName = Release;
		};
		4E7F045B2E357C9C00E91694 /* Build configuration list for PBXNativeTarget "recipe-app-iosTests" */ = {
			isa = XCConfigurationList;
			buildConfigurations = (
				4E7F045C2E357C9C00E91694 /* Debug */,
				4E7F045D2E357C9C00E91694 /* Release */,
			);
			defaultConfigurationIsVisible = 0;
			defaultConfigurationName = Release;
		};
		4E7F045E2E357C9C00E91694 /* Build configuration list for PBXNativeTarget "recipe-app-iosUITests" */ = {
			isa = XCConfigurationList;
			buildConfigurations = (
				4E7F045F2E357C9C00E91694 /* Debug */,
				4E7F04602E357C9C00E91694 /* Release */,
			);
			defaultConfigurationIsVisible = 0;
			defaultConfigurationName = Release;
		};
/* End XCConfigurationList section */
	};
	rootObject = 4E7F042F2E357C9B00E91694 /* Project object */;
}
